// !$*UTF8*$!
{
	archiveVersion = 1;
	classes = {
	};
	objectVersion = 56;
	objects = {

/* Begin PBXBuildFile section */
		F76B6F222BA4CDB900EB01B8 /* SecondViewController.swift in Sources */ = {isa = PBXBuildFile; fileRef = F76B6F212BA4CDB900EB01B8 /* SecondViewController.swift */; };
		F76B6F242BA4CDC600EB01B8 /* ThirdViewController.swift in Sources */ = {isa = PBXBuildFile; fileRef = F76B6F232BA4CDC600EB01B8 /* ThirdViewController.swift */; };
		F7E309632BA4CD29000A698C /* AppDelegate.swift in Sources */ = {isa = PBXBuildFile; fileRef = F7E309622BA4CD29000A698C /* AppDelegate.swift */; };
		F7E309652BA4CD29000A698C /* SceneDelegate.swift in Sources */ = {isa = PBXBuildFile; fileRef = F7E309642BA4CD29000A698C /* SceneDelegate.swift */; };
		F7E309672BA4CD29000A698C /* ViewController.swift in Sources */ = {isa = PBXBuildFile; fileRef = F7E309662BA4CD29000A698C /* ViewController.swift */; };
		F7E3096A2BA4CD29000A698C /* Main.storyboard in Resources */ = {isa = PBXBuildFile; fileRef = F7E309682BA4CD29000A698C /* Main.storyboard */; };
		F7E3096C2BA4CD29000A698C /* Assets.xcassets in Resources */ = {isa = PBXBuildFile; fileRef = F7E3096B2BA4CD29000A698C /* Assets.xcassets */; };
		F7E3096F2BA4CD29000A698C /* LaunchScreen.storyboard in Resources */ = {isa = PBXBuildFile; fileRef = F7E3096D2BA4CD29000A698C /* LaunchScreen.storyboard */; };
/* End PBXBuildFile section */

/* Begin PBXFileReference section */
		F76B6F212BA4CDB900EB01B8 /* SecondViewController.swift */ = {isa = PBXFileReference; lastKnownFileType = sourcecode.swift; path = SecondViewController.swift; sourceTree = "<group>"; };
		F76B6F232BA4CDC600EB01B8 /* ThirdViewController.swift */ = {isa = PBXFileReference; lastKnownFileType = sourcecode.swift; path = ThirdViewController.swift; sourceTree = "<group>"; };
		F7E3095F2BA4CD29000A698C /* JonesSpencer_Week2Synthesis.app */ = {isa = PBXFileReference; explicitFileType = wrapper.application; includeInIndex = 0; path = JonesSpencer_Week2Synthesis.app; sourceTree = BUILT_PRODUCTS_DIR; };
		F7E309622BA4CD29000A698C /* AppDelegate.swift */ = {isa = PBXFileReference; lastKnownFileType = sourcecode.swift; path = AppDelegate.swift; sourceTree = "<group>"; };
		F7E309642BA4CD29000A698C /* SceneDelegate.swift */ = {isa = PBXFileReference; lastKnownFileType = sourcecode.swift; path = SceneDelegate.swift; sourceTree = "<group>"; };
		F7E309662BA4CD29000A698C /* ViewController.swift */ = {isa = PBXFileReference; lastKnownFileType = sourcecode.swift; path = ViewController.swift; sourceTree = "<group>"; };
		F7E309692BA4CD29000A698C /* Base */ = {isa = PBXFileReference; lastKnownFileType = file.storyboard; name = Base; path = Base.lproj/Main.storyboard; sourceTree = "<group>"; };
		F7E3096B2BA4CD29000A698C /* Assets.xcassets */ = {isa = PBXFileReference; lastKnownFileType = folder.assetcatalog; path = Assets.xcassets; sourceTree = "<group>"; };
		F7E3096E2BA4CD29000A698C /* Base */ = {isa = PBXFileReference; lastKnownFileType = file.storyboard; name = Base; path = Base.lproj/LaunchScreen.storyboard; sourceTree = "<group>"; };
		F7E309702BA4CD29000A698C /* Info.plist */ = {isa = PBXFileReference; lastKnownFileType = text.plist.xml; path = Info.plist; sourceTree = "<group>"; };
/* End PBXFileReference section */

/* Begin PBXFrameworksBuildPhase section */
		F7E3095C2BA4CD29000A698C /* Frameworks */ = {
			isa = PBXFrameworksBuildPhase;
			buildActionMask = 2147483647;
			files = (
			);
			runOnlyForDeploymentPostprocessing = 0;
		};
/* End PBXFrameworksBuildPhase section */

/* Begin PBXGroup section */
		F7E309562BA4CD29000A698C = {
			isa = PBXGroup;
			children = (
				F7E309612BA4CD29000A698C /* JonesSpencer_Week2Synthesis */,
				F7E309602BA4CD29000A698C /* Products */,
			);
			sourceTree = "<group>";
		};
		F7E309602BA4CD29000A698C /* Products */ = {
			isa = PBXGroup;
			children = (
				F7E3095F2BA4CD29000A698C /* JonesSpencer_Week2Synthesis.app */,
			);
			name = Products;
			sourceTree = "<group>";
		};
		F7E309612BA4CD29000A698C /* JonesSpencer_Week2Synthesis */ = {
			isa = PBXGroup;
			children = (
				F7E309622BA4CD29000A698C /* AppDelegate.swift */,
				F7E309642BA4CD29000A698C /* SceneDelegate.swift */,
				F7E309682BA4CD29000A698C /* Main.storyboard */,
				F7E309662BA4CD29000A698C /* ViewController.swift */,
				F76B6F212BA4CDB900EB01B8 /* SecondViewController.swift */,
				F76B6F232BA4CDC600EB01B8 /* ThirdViewController.swift */,
				F7E3096B2BA4CD29000A698C /* Assets.xcassets */,
				F7E3096D2BA4CD29000A698C /* LaunchScreen.storyboard */,
				F7E309702BA4CD29000A698C /* Info.plist */,
			);
			path = JonesSpencer_Week2Synthesis;
			sourceTree = "<group>";
		};
/* End PBXGroup section */

/* Begin PBXNativeTarget section */
		F7E3095E2BA4CD29000A698C /* JonesSpencer_Week2Synthesis */ = {
			isa = PBXNativeTarget;
			buildConfigurationList = F7E309732BA4CD29000A698C /* Build configuration list for PBXNativeTarget "JonesSpencer_Week2Synthesis" */;
			buildPhases = (
				F7E3095B2BA4CD29000A698C /* Sources */,
				F7E3095C2BA4CD29000A698C /* Frameworks */,
				F7E3095D2BA4CD29000A698C /* Resources */,
			);
			buildRules = (
			);
			dependencies = (
			);
			name = JonesSpencer_Week2Synthesis;
			productName = JonesSpencer_Week2Synthesis;
			productReference = F7E3095F2BA4CD29000A698C /* JonesSpencer_Week2Synthesis.app */;
			productType = "com.apple.product-type.application";
		};
/* End PBXNativeTarget section */

/* Begin PBXProject section */
		F7E309572BA4CD29000A698C /* Project object */ = {
			isa = PBXProject;
			attributes = {
				BuildIndependentTargetsInParallel = 1;
				LastSwiftUpdateCheck = 1520;
				LastUpgradeCheck = 1520;
				TargetAttributes = {
					F7E3095E2BA4CD29000A698C = {
						CreatedOnToolsVersion = 15.2;
					};
				};
			};
			buildConfigurationList = F7E3095A2BA4CD29000A698C /* Build configuration list for PBXProject "JonesSpencer_Week2Synthesis" */;
			compatibilityVersion = "Xcode 14.0";
			developmentRegion = en;
			hasScannedForEncodings = 0;
			knownRegions = (
				en,
				Base,
			);
			mainGroup = F7E309562BA4CD29000A698C;
			productRefGroup = F7E309602BA4CD29000A698C /* Products */;
			projectDirPath = "";
			projectRoot = "";
			targets = (
				F7E3095E2BA4CD29000A698C /* JonesSpencer_Week2Synthesis */,
			);
		};
/* End PBXProject section */

/* Begin PBXResourcesBuildPhase section */
		F7E3095D2BA4CD29000A698C /* Resources */ = {
			isa = PBXResourcesBuildPhase;
			buildActionMask = 2147483647;
			files = (
				F7E3096F2BA4CD29000A698C /* LaunchScreen.storyboard in Resources */,
				F7E3096C2BA4CD29000A698C /* Assets.xcassets in Resources */,
				F7E3096A2BA4CD29000A698C /* Main.storyboard in Resources */,
			);
			runOnlyForDeploymentPostprocessing = 0;
		};
/* End PBXResourcesBuildPhase section */

/* Begin PBXSourcesBuildPhase section */
		F7E3095B2BA4CD29000A698C /* Sources */ = {
			isa = PBXSourcesBuildPhase;
			buildActionMask = 2147483647;
			files = (
				F76B6F222BA4CDB900EB01B8 /* SecondViewController.swift in Sources */,
				F7E309672BA4CD29000A698C /* ViewController.swift in Sources */,
				F76B6F242BA4CDC600EB01B8 /* ThirdViewController.swift in Sources */,
				F7E309632BA4CD29000A698C /* AppDelegate.swift in Sources */,
				F7E309652BA4CD29000A698C /* SceneDelegate.swift in Sources */,
			);
			runOnlyForDeploymentPostprocessing = 0;
		};
/* End PBXSourcesBuildPhase section */

/* Begin PBXVariantGroup section */
		F7E309682BA4CD29000A698C /* Main.storyboard */ = {
			isa = PBXVariantGroup;
			children = (
				F7E309692BA4CD29000A698C /* Base */,
			);
			name = Main.storyboard;
			sourceTree = "<group>";
		};
		F7E3096D2BA4CD29000A698C /* LaunchScreen.storyboard */ = {
			isa = PBXVariantGroup;
			children = (
				F7E3096E2BA4CD29000A698C /* Base */,
			);
			name = LaunchScreen.storyboard;
			sourceTree = "<group>";
		};
/* End PBXVariantGroup section */

/* Begin XCBuildConfiguration section */
		F7E309712BA4CD29000A698C /* Debug */ = {
			isa = XCBuildConfiguration;
			buildSettings = {
				ALWAYS_SEARCH_USER_PATHS = NO;
				ASSETCATALOG_COMPILER_GENERATE_SWIFT_ASSET_SYMBOL_EXTENSIONS = YES;
				CLANG_ANALYZER_NONNULL = YES;
				CLANG_ANALYZER_NUMBER_OBJECT_CONVERSION = YES_AGGRESSIVE;
				CLANG_CXX_LANGUAGE_STANDARD = "gnu++20";
				CLANG_ENABLE_MODULES = YES;
				CLANG_ENABLE_OBJC_ARC = YES;
				CLANG_ENABLE_OBJC_WEAK = YES;
				CLANG_WARN_BLOCK_CAPTURE_AUTORELEASING = YES;
				CLANG_WARN_BOOL_CONVERSION = YES;
				CLANG_WARN_COMMA = YES;
				CLANG_WARN_CONSTANT_CONVERSION = YES;
				CLANG_WARN_DEPRECATED_OBJC_IMPLEMENTATIONS = YES;
				CLANG_WARN_DIRECT_OBJC_ISA_USAGE = YES_ERROR;
				CLANG_WARN_DOCUMENTATION_COMMENTS = YES;
				CLANG_WARN_EMPTY_BODY = YES;
				CLANG_WARN_ENUM_CONVERSION = YES;
				CLANG_WARN_INFINITE_RECURSION = YES;
				CLANG_WARN_INT_CONVERSION = YES;
				CLANG_WARN_NON_LITERAL_NULL_CONVERSION = YES;
				CLANG_WARN_OBJC_IMPLICIT_RETAIN_SELF = YES;
				CLANG_WARN_OBJC_LITERAL_CONVERSION = YES;
				CLANG_WARN_OBJC_ROOT_CLASS = YES_ERROR;
				CLANG_WARN_QUOTED_INCLUDE_IN_FRAMEWORK_HEADER = YES;
				CLANG_WARN_RANGE_LOOP_ANALYSIS = YES;
				CLANG_WARN_STRICT_PROTOTYPES = YES;
				CLANG_WARN_SUSPICIOUS_MOVE = YES;
				CLANG_WARN_UNGUARDED_AVAILABILITY = YES_AGGRESSIVE;
				CLANG_WARN_UNREACHABLE_CODE = YES;
				CLANG_WARN__DUPLICATE_METHOD_MATCH = YES;
				COPY_PHASE_STRIP = NO;
				DEBUG_INFORMATION_FORMAT = dwarf;
				ENABLE_STRICT_OBJC_MSGSEND = YES;
				ENABLE_TESTABILITY = YES;
				ENABLE_USER_SCRIPT_SANDBOXING = YES;
				GCC_C_LANGUAGE_STANDARD = gnu17;
				GCC_DYNAMIC_NO_PIC = NO;
				GCC_NO_COMMON_BLOCKS = YES;
				GCC_OPTIMIZATION_LEVEL = 0;
				GCC_PREPROCESSOR_DEFINITIONS = (
					"DEBUG=1",
					"$(inherited)",
				);
				GCC_WARN_64_TO_32_BIT_CONVERSION = YES;
				GCC_WARN_ABOUT_RETURN_TYPE = YES_ERROR;
				GCC_WARN_UNDECLARED_SELECTOR = YES;
				GCC_WARN_UNINITIALIZED_AUTOS = YES_AGGRESSIVE;
				GCC_WARN_UNUSED_FUNCTION = YES;
				GCC_WARN_UNUSED_VARIABLE = YES;
				IPHONEOS_DEPLOYMENT_TARGET = 17.2;
				LOCALIZATION_PREFERS_STRING_CATALOGS = YES;
				MTL_ENABLE_DEBUG_INFO = INCLUDE_SOURCE;
				MTL_FAST_MATH = YES;
				ONLY_ACTIVE_ARCH = YES;
				SDKROOT = iphoneos;
				SWIFT_ACTIVE_COMPILATION_CONDITIONS = "DEBUG $(inherited)";
				SWIFT_OPTIMIZATION_LEVEL = "-Onone";
			};
			name = Debug;
		};
		F7E309722BA4CD29000A698C /* Release */ = {
			isa = XCBuildConfiguration;
			buildSettings = {
				ALWAYS_SEARCH_USER_PATHS = NO;
				ASSETCATALOG_COMPILER_GENERATE_SWIFT_ASSET_SYMBOL_EXTENSIONS = YES;
				CLANG_ANALYZER_NONNULL = YES;
				CLANG_ANALYZER_NUMBER_OBJECT_CONVERSION = YES_AGGRESSIVE;
				CLANG_CXX_LANGUAGE_STANDARD = "gnu++20";
				CLANG_ENABLE_MODULES = YES;
				CLANG_ENABLE_OBJC_ARC = YES;
				CLANG_ENABLE_OBJC_WEAK = YES;
				CLANG_WARN_BLOCK_CAPTURE_AUTORELEASING = YES;
				CLANG_WARN_BOOL_CONVERSION = YES;
				CLANG_WARN_COMMA = YES;
				CLANG_WARN_CONSTANT_CONVERSION = YES;
				CLANG_WARN_DEPRECATED_OBJC_IMPLEMENTATIONS = YES;
				CLANG_WARN_DIRECT_OBJC_ISA_USAGE = YES_ERROR;
				CLANG_WARN_DOCUMENTATION_COMMENTS = YES;
				CLANG_WARN_EMPTY_BODY = YES;
				CLANG_WARN_ENUM_CONVERSION = YES;
				CLANG_WARN_INFINITE_RECURSION = YES;
				CLANG_WARN_INT_CONVERSION = YES;
				CLANG_WARN_NON_LITERAL_NULL_CONVERSION = YES;
				CLANG_WARN_OBJC_IMPLICIT_RETAIN_SELF = YES;
				CLANG_WARN_OBJC_LITERAL_CONVERSION = YES;
				CLANG_WARN_OBJC_ROOT_CLASS = YES_ERROR;
				CLANG_WARN_QUOTED_INCLUDE_IN_FRAMEWORK_HEADER = YES;
				CLANG_WARN_RANGE_LOOP_ANALYSIS = YES;
				CLANG_WARN_STRICT_PROTOTYPES = YES;
				CLANG_WARN_SUSPICIOUS_MOVE = YES;
				CLANG_WARN_UNGUARDED_AVAILABILITY = YES_AGGRESSIVE;
				CLANG_WARN_UNREACHABLE_CODE = YES;
				CLANG_WARN__DUPLICATE_METHOD_MATCH = YES;
				COPY_PHASE_STRIP = NO;
				DEBUG_INFORMATION_FORMAT = "dwarf-with-dsym";
				ENABLE_NS_ASSERTIONS = NO;
				ENABLE_STRICT_OBJC_MSGSEND = YES;
				ENABLE_USER_SCRIPT_SANDBOXING = YES;
				GCC_C_LANGUAGE_STANDARD = gnu17;
				GCC_NO_COMMON_BLOCKS = YES;
				GCC_WARN_64_TO_32_BIT_CONVERSION = YES;
				GCC_WARN_ABOUT_RETURN_TYPE = YES_ERROR;
				GCC_WARN_UNDECLARED_SELECTOR = YES;
				GCC_WARN_UNINITIALIZED_AUTOS = YES_AGGRESSIVE;
				GCC_WARN_UNUSED_FUNCTION = YES;
				GCC_WARN_UNUSED_VARIABLE = YES;
				IPHONEOS_DEPLOYMENT_TARGET = 17.2;
				LOCALIZATION_PREFERS_STRING_CATALOGS = YES;
				MTL_ENABLE_DEBUG_INFO = NO;
				MTL_FAST_MATH = YES;
				SDKROOT = iphoneos;
				SWIFT_COMPILATION_MODE = wholemodule;
				VALIDATE_PRODUCT = YES;
			};
			name = Release;
		};
		F7E309742BA4CD29000A698C /* Debug */ = {
			isa = XCBuildConfiguration;
			buildSettings = {
				ASSETCATALOG_COMPILER_APPICON_NAME = AppIcon;
				ASSETCATALOG_COMPILER_GLOBAL_ACCENT_COLOR_NAME = AccentColor;
				CODE_SIGN_STYLE = Automatic;
				CURRENT_PROJECT_VERSION = 1;
				DEVELOPMENT_TEAM = GD6H63ZU48;
				GENERATE_INFOPLIST_FILE = YES;
				INFOPLIST_FILE = JonesSpencer_Week2Synthesis/Info.plist;
				INFOPLIST_KEY_UIApplicationSupportsIndirectInputEvents = YES;
				INFOPLIST_KEY_UILaunchStoryboardName = LaunchScreen;
				INFOPLIST_KEY_UIMainStoryboardFile = Main;
				INFOPLIST_KEY_UISupportedInterfaceOrientations_iPad = "UIInterfaceOrientationPortrait UIInterfaceOrientationPortraitUpsideDown UIInterfaceOrientationLandscapeLeft UIInterfaceOrientationLandscapeRight";
				INFOPLIST_KEY_UISupportedInterfaceOrientations_iPhone = "UIInterfaceOrientationPortrait UIInterfaceOrientationLandscapeLeft UIInterfaceOrientationLandscapeRight";
				LD_RUNPATH_SEARCH_PATHS = (
					"$(inherited)",
					"@executable_path/Frameworks",
				);
				MARKETING_VERSION = 1.0;
				PRODUCT_BUNDLE_IDENTIFIER = "SpencerJones.JonesSpencer-Week2Synthesis";
				PRODUCT_NAME = "$(TARGET_NAME)";
				SWIFT_EMIT_LOC_STRINGS = YES;
				SWIFT_VERSION = 5.0;
				TARGETED_DEVICE_FAMILY = "1,2";
			};
			name = Debug;
		};
		F7E309752BA4CD29000A698C /* Release */ = {
			isa = XCBuildConfiguration;
			buildSettings = {
				ASSETCATALOG_COMPILER_APPICON_NAME = AppIcon;
				ASSETCATALOG_COMPILER_GLOBAL_ACCENT_COLOR_NAME = AccentColor;
				CODE_SIGN_STYLE = Automatic;
				CURRENT_PROJECT_VERSION = 1;
				DEVELOPMENT_TEAM = GD6H63ZU48;
				GENERATE_INFOPLIST_FILE = YES;
				INFOPLIST_FILE = JonesSpencer_Week2Synthesis/Info.plist;
				INFOPLIST_KEY_UIApplicationSupportsIndirectInputEvents = YES;
				INFOPLIST_KEY_UILaunchStoryboardName = LaunchScreen;
				INFOPLIST_KEY_UIMainStoryboardFile = Main;
				INFOPLIST_KEY_UISupportedInterfaceOrientations_iPad = "UIInterfaceOrientationPortrait UIInterfaceOrientationPortraitUpsideDown UIInterfaceOrientationLandscapeLeft UIInterfaceOrientationLandscapeRight";
				INFOPLIST_KEY_UISupportedInterfaceOrientations_iPhone = "UIInterfaceOrientationPortrait UIInterfaceOrientationLandscapeLeft UIInterfaceOrientationLandscapeRight";
				LD_RUNPATH_SEARCH_PATHS = (
					"$(inherited)",
					"@executable_path/Frameworks",
				);
				MARKETING_VERSION = 1.0;
				PRODUCT_BUNDLE_IDENTIFIER = "SpencerJones.JonesSpencer-Week2Synthesis";
				PRODUCT_NAME = "$(TARGET_NAME)";
				SWIFT_EMIT_LOC_STRINGS = YES;
				SWIFT_VERSION = 5.0;
				TARGETED_DEVICE_FAMILY = "1,2";
			};
			name = Release;
		};
/* End XCBuildConfiguration section */

/* Begin XCConfigurationList section */
		F7E3095A2BA4CD29000A698C /* Build configuration list for PBXProject "JonesSpencer_Week2Synthesis" */ = {
			isa = XCConfigurationList;
			buildConfigurations = (
				F7E309712BA4CD29000A698C /* Debug */,
				F7E309722BA4CD29000A698C /* Release */,
			);
			defaultConfigurationIsVisible = 0;
			defaultConfigurationName = Release;
		};
		F7E309732BA4CD29000A698C /* Build configuration list for PBXNativeTarget "JonesSpencer_Week2Synthesis" */ = {
			isa = XCConfigurationList;
			buildConfigurations = (
				F7E309742BA4CD29000A698C /* Debug */,
				F7E309752BA4CD29000A698C /* Release */,
			);
			defaultConfigurationIsVisible = 0;
			defaultConfigurationName = Release;
		};
/* End XCConfigurationList section */
	};
	rootObject = F7E309572BA4CD29000A698C /* Project object */;
}
